
Microsoft Visual Studio Solution File, Format Version 11.00
# Visual Studio 2010
Project("{8BC9CEB8-8B4A-11D0-8D11-00A0C91BC942}") = "seed_cbc", "seed_cbc\seed_cbc.vcxproj", "{9726C90B-8B82-42AE-985B-D7D7285E440C}"
EndProject
Global
	GlobalSection(SolutionConfigurationPlatforms) = preSolution
		Debug|Win32 = Debug|Win32
		Release|Win32 = Release|Win32
	EndGlobalSection
	GlobalSection(ProjectConfigurationPlatforms) = postSolution
		{9726C90B-8B82-42AE-985B-D7D7285E440C}.Debug|Win32.ActiveCfg = Debug|Win32
		{9726C90B-8B82-42AE-985B-D7D7285E440C}.Debug|Win32.Build.0 = Debug|Win32
		{9726C90B-8B82-42AE-985B-D7D7285E440C}.Release|Win32.ActiveCfg = Release|Win32
		{9726C90B-8B82-42AE-985B-D7D7285E440C}.Release|Win32.Build.0 = Release|Win32
	EndGlobalSection
	GlobalSection(SolutionProperties) = preSolution
		HideSolutionNode = FALSE
	EndGlobalSection
EndGlobal
